
Microsoft Visual Studio Solution File, Format Version 12.00
# Visual Studio Version 17
VisualStudioVersion = 17.1.32421.90
MinimumVisualStudioVersion = 10.0.40219.1
Project("{FAE04EC0-301F-11D3-BF4B-00C04F79EFBC}") = "DemoExceptionConsoleApp3", "DemoExceptionConsoleApp3.csproj", "{47755888-4ADD-4A4C-B82F-97DA52CE33DD}"
EndProject
Global
	GlobalSection(SolutionConfigurationPlatforms) = preSolution
		Debug|Any CPU = Debug|Any CPU
		Release|Any CPU = Release|Any CPU
	EndGlobalSection
	GlobalSection(ProjectConfigurationPlatforms) = postSolution
		{47755888-4ADD-4A4C-B82F-97DA52CE33DD}.Debug|Any CPU.ActiveCfg = Debug|Any CPU
		{47755888-4ADD-4A4C-B82F-97DA52CE33DD}.Debug|Any CPU.Build.0 = Debug|Any CPU
		{47755888-4ADD-4A4C-B82F-97DA52CE33DD}.Release|Any CPU.ActiveCfg = Release|Any CPU
		{47755888-4ADD-4A4C-B82F-97DA52CE33DD}.Release|Any CPU.Build.0 = Release|Any CPU
	EndGlobalSection
	GlobalSection(SolutionProperties) = preSolution
		HideSolutionNode = FALSE
	EndGlobalSection
	GlobalSection(ExtensibilityGlobals) = postSolution
		SolutionGuid = {3BA3CCDF-C6E0-49DF-84A8-78BBDA726432}
	EndGlobalSection
EndGlobal
